// !$*UTF8*$!
{
	archiveVersion = 1;
	classes = {
	};
	objectVersion = 55;
	objects = {

/* Begin PBXBuildFile section */
		E3485BA628389C8300DF7A2B /* AppDelegate.swift in Sources */ = {isa = PBXBuildFile; fileRef = E3485BA528389C8300DF7A2B /* AppDelegate.swift */; };
		E3485BA828389C8300DF7A2B /* SceneDelegate.swift in Sources */ = {isa = PBXBuildFile; fileRef = E3485BA728389C8300DF7A2B /* SceneDelegate.swift */; };
		E3485BAA28389C8300DF7A2B /* ViewController.swift in Sources */ = {isa = PBXBuildFile; fileRef = E3485BA928389C8300DF7A2B /* ViewController.swift */; };
		E3485BAD28389C8300DF7A2B /* Main.storyboard in Resources */ = {isa = PBXBuildFile; fileRef = E3485BAB28389C8300DF7A2B /* Main.storyboard */; };
		E3485BAF28389C8400DF7A2B /* Assets.xcassets in Resources */ = {isa = PBXBuildFile; fileRef = E3485BAE28389C8400DF7A2B /* Assets.xcassets */; };
		E3485BB228389C8400DF7A2B /* LaunchScreen.storyboard in Resources */ = {isa = PBXBuildFile; fileRef = E3485BB028389C8400DF7A2B /* LaunchScreen.storyboard */; };
		E3485BBD28389C8400DF7A2B /* tictacGameAppTests.swift in Sources */ = {isa = PBXBuildFile; fileRef = E3485BBC28389C8400DF7A2B /* tictacGameAppTests.swift */; };
		E3485BC728389C8400DF7A2B /* tictacGameAppUITests.swift in Sources */ = {isa = PBXBuildFile; fileRef = E3485BC628389C8400DF7A2B /* tictacGameAppUITests.swift */; };
		E3485BC928389C8400DF7A2B /* tictacGameAppUITestsLaunchTests.swift in Sources */ = {isa = PBXBuildFile; fileRef = E3485BC828389C8400DF7A2B /* tictacGameAppUITestsLaunchTests.swift */; };
/* End PBXBuildFile section */

/* Begin PBXContainerItemProxy section */
		E3485BB928389C8400DF7A2B /* PBXContainerItemProxy */ = {
			isa = PBXContainerItemProxy;
			containerPortal = E3485B9A28389C8300DF7A2B /* Project object */;
			proxyType = 1;
			remoteGlobalIDString = E3485BA128389C8300DF7A2B;
			remoteInfo = tictacGameApp;
		};
		E3485BC328389C8400DF7A2B /* PBXContainerItemProxy */ = {
			isa = PBXContainerItemProxy;
			containerPortal = E3485B9A28389C8300DF7A2B /* Project object */;
			proxyType = 1;
			remoteGlobalIDString = E3485BA128389C8300DF7A2B;
			remoteInfo = tictacGameApp;
		};
/* End PBXContainerItemProxy section */

/* Begin PBXFileReference section */
		E3485BA228389C8300DF7A2B /* tictacGameApp.app */ = {isa = PBXFileReference; explicitFileType = wrapper.application; includeInIndex = 0; path = tictacGameApp.app; sourceTree = BUILT_PRODUCTS_DIR; };
		E3485BA528389C8300DF7A2B /* AppDelegate.swift */ = {isa = PBXFileReference; lastKnownFileType = sourcecode.swift; path = AppDelegate.swift; sourceTree = "<group>"; };
		E3485BA728389C8300DF7A2B /* SceneDelegate.swift */ = {isa = PBXFileReference; lastKnownFileType = sourcecode.swift; path = SceneDelegate.swift; sourceTree = "<group>"; };
		E3485BA928389C8300DF7A2B /* ViewController.swift */ = {isa = PBXFileReference; lastKnownFileType = sourcecode.swift; path = ViewController.swift; sourceTree = "<group>"; };
		E3485BAC28389C8300DF7A2B /* Base */ = {isa = PBXFileReference; lastKnownFileType = file.storyboard; name = Base; path = Base.lproj/Main.storyboard; sourceTree = "<group>"; };
		E3485BAE28389C8400DF7A2B /* Assets.xcassets */ = {isa = PBXFileReference; lastKnownFileType = folder.assetcatalog; path = Assets.xcassets; sourceTree = "<group>"; };
		E3485BB128389C8400DF7A2B /* Base */ = {isa = PBXFileReference; lastKnownFileType = file.storyboard; name = Base; path = Base.lproj/LaunchScreen.storyboard; sourceTree = "<group>"; };
		E3485BB328389C8400DF7A2B /* Info.plist */ = {isa = PBXFileReference; lastKnownFileType = text.plist.xml; path = Info.plist; sourceTree = "<group>"; };
		E3485BB828389C8400DF7A2B /* tictacGameAppTests.xctest */ = {isa = PBXFileReference; explicitFileType = wrapper.cfbundle; includeInIndex = 0; path = tictacGameAppTests.xctest; sourceTree = BUILT_PRODUCTS_DIR; };
		E3485BBC28389C8400DF7A2B /* tictacGameAppTests.swift */ = {isa = PBXFileReference; lastKnownFileType = sourcecode.swift; path = tictacGameAppTests.swift; sourceTree = "<group>"; };
		E3485BC228389C8400DF7A2B /* tictacGameAppUITests.xctest */ = {isa = PBXFileReference; explicitFileType = wrapper.cfbundle; includeInIndex = 0; path = tictacGameAppUITests.xctest; sourceTree = BUILT_PRODUCTS_DIR; };
		E3485BC628389C8400DF7A2B /* tictacGameAppUITests.swift */ = {isa = PBXFileReference; lastKnownFileType = sourcecode.swift; path = tictacGameAppUITests.swift; sourceTree = "<group>"; };
		E3485BC828389C8400DF7A2B /* tictacGameAppUITestsLaunchTests.swift */ = {isa = PBXFileReference; lastKnownFileType = sourcecode.swift; path = tictacGameAppUITestsLaunchTests.swift; sourceTree = "<group>"; };
/* End PBXFileReference section */

/* Begin PBXFrameworksBuildPhase section */
		E3485B9F28389C8300DF7A2B /* Frameworks */ = {
			isa = PBXFrameworksBuildPhase;
			buildActionMask = 2147483647;
			files = (
			);
			runOnlyForDeploymentPostprocessing = 0;
		};
		E3485BB528389C8400DF7A2B /* Frameworks */ = {
			isa = PBXFrameworksBuildPhase;
			buildActionMask = 2147483647;
			files = (
			);
			runOnlyForDeploymentPostprocessing = 0;
		};
		E3485BBF28389C8400DF7A2B /* Frameworks */ = {
			isa = PBXFrameworksBuildPhase;
			buildActionMask = 2147483647;
			files = (
			);
			runOnlyForDeploymentPostprocessing = 0;
		};
/* End PBXFrameworksBuildPhase section */

/* Begin PBXGroup section */
		E3485B9928389C8300DF7A2B = {
			isa = PBXGroup;
			children = (
				E3485BA428389C8300DF7A2B /* tictacGameApp */,
				E3485BBB28389C8400DF7A2B /* tictacGameAppTests */,
				E3485BC528389C8400DF7A2B /* tictacGameAppUITests */,
				E3485BA328389C8300DF7A2B /* Products */,
			);
			sourceTree = "<group>";
		};
		E3485BA328389C8300DF7A2B /* Products */ = {
			isa = PBXGroup;
			children = (
				E3485BA228389C8300DF7A2B /* tictacGameApp.app */,
				E3485BB828389C8400DF7A2B /* tictacGameAppTests.xctest */,
				E3485BC228389C8400DF7A2B /* tictacGameAppUITests.xctest */,
			);
			name = Products;
			sourceTree = "<group>";
		};
		E3485BA428389C8300DF7A2B /* tictacGameApp */ = {
			isa = PBXGroup;
			children = (
				E3485BA528389C8300DF7A2B /* AppDelegate.swift */,
				E3485BA728389C8300DF7A2B /* SceneDelegate.swift */,
				E3485BA928389C8300DF7A2B /* ViewController.swift */,
				E3485BAB28389C8300DF7A2B /* Main.storyboard */,
				E3485BAE28389C8400DF7A2B /* Assets.xcassets */,
				E3485BB028389C8400DF7A2B /* LaunchScreen.storyboard */,
				E3485BB328389C8400DF7A2B /* Info.plist */,
			);
			path = tictacGameApp;
			sourceTree = "<group>";
		};
		E3485BBB28389C8400DF7A2B /* tictacGameAppTests */ = {
			isa = PBXGroup;
			children = (
				E3485BBC28389C8400DF7A2B /* tictacGameAppTests.swift */,
			);
			path = tictacGameAppTests;
			sourceTree = "<group>";
		};
		E3485BC528389C8400DF7A2B /* tictacGameAppUITests */ = {
			isa = PBXGroup;
			children = (
				E3485BC628389C8400DF7A2B /* tictacGameAppUITests.swift */,
				E3485BC828389C8400DF7A2B /* tictacGameAppUITestsLaunchTests.swift */,
			);
			path = tictacGameAppUITests;
			sourceTree = "<group>";
		};
/* End PBXGroup section */

/* Begin PBXNativeTarget section */
		E3485BA128389C8300DF7A2B /* tictacGameApp */ = {
			isa = PBXNativeTarget;
			buildConfigurationList = E3485BCC28389C8400DF7A2B /* Build configuration list for PBXNativeTarget "tictacGameApp" */;
			buildPhases = (
				E3485B9E28389C8300DF7A2B /* Sources */,
				E3485B9F28389C8300DF7A2B /* Frameworks */,
				E3485BA028389C8300DF7A2B /* Resources */,
			);
			buildRules = (
			);
			dependencies = (
			);
			name = tictacGameApp;
			productName = tictacGameApp;
			productReference = E3485BA228389C8300DF7A2B /* tictacGameApp.app */;
			productType = "com.apple.product-type.application";
		};
		E3485BB728389C8400DF7A2B /* tictacGameAppTests */ = {
			isa = PBXNativeTarget;
			buildConfigurationList = E3485BCF28389C8400DF7A2B /* Build configuration list for PBXNativeTarget "tictacGameAppTests" */;
			buildPhases = (
				E3485BB428389C8400DF7A2B /* Sources */,
				E3485BB528389C8400DF7A2B /* Frameworks */,
				E3485BB628389C8400DF7A2B /* Resources */,
			);
			buildRules = (
			);
			dependencies = (
				E3485BBA28389C8400DF7A2B /* PBXTargetDependency */,
			);
			name = tictacGameAppTests;
			productName = tictacGameAppTests;
			productReference = E3485BB828389C8400DF7A2B /* tictacGameAppTests.xctest */;
			productType = "com.apple.product-type.bundle.unit-test";
		};
		E3485BC128389C8400DF7A2B /* tictacGameAppUITests */ = {
			isa = PBXNativeTarget;
			buildConfigurationList = E3485BD228389C8400DF7A2B /* Build configuration list for PBXNativeTarget "tictacGameAppUITests" */;
			buildPhases = (
				E3485BBE28389C8400DF7A2B /* Sources */,
				E3485BBF28389C8400DF7A2B /* Frameworks */,
				E3485BC028389C8400DF7A2B /* Resources */,
			);
			buildRules = (
			);
			dependencies = (
				E3485BC428389C8400DF7A2B /* PBXTargetDependency */,
			);
			name = tictacGameAppUITests;
			productName = tictacGameAppUITests;
			productReference = E3485BC228389C8400DF7A2B /* tictacGameAppUITests.xctest */;
			productType = "com.apple.product-type.bundle.ui-testing";
		};
/* End PBXNativeTarget section */

/* Begin PBXProject section */
		E3485B9A28389C8300DF7A2B /* Project object */ = {
			isa = PBXProject;
			attributes = {
				BuildIndependentTargetsInParallel = 1;
				LastSwiftUpdateCheck = 1340;
				LastUpgradeCheck = 1340;
				TargetAttributes = {
					E3485BA128389C8300DF7A2B = {
						CreatedOnToolsVersion = 13.4;
					};
					E3485BB728389C8400DF7A2B = {
						CreatedOnToolsVersion = 13.4;
						TestTargetID = E3485BA128389C8300DF7A2B;
					};
					E3485BC128389C8400DF7A2B = {
						CreatedOnToolsVersion = 13.4;
						TestTargetID = E3485BA128389C8300DF7A2B;
					};
				};
			};
			buildConfigurationList = E3485B9D28389C8300DF7A2B /* Build configuration list for PBXProject "tictacGameApp" */;
			compatibilityVersion = "Xcode 13.0";
			developmentRegion = en;
			hasScannedForEncodings = 0;
			knownRegions = (
				en,
				Base,
			);
			mainGroup = E3485B9928389C8300DF7A2B;
			productRefGroup = E3485BA328389C8300DF7A2B /* Products */;
			projectDirPath = "";
			projectRoot = "";
			targets = (
				E3485BA128389C8300DF7A2B /* tictacGameApp */,
				E3485BB728389C8400DF7A2B /* tictacGameAppTests */,
				E3485BC128389C8400DF7A2B /* tictacGameAppUITests */,
			);
		};
/* End PBXProject section */

/* Begin PBXResourcesBuildPhase section */
		E3485BA028389C8300DF7A2B /* Resources */ = {
			isa = PBXResourcesBuildPhase;
			buildActionMask = 2147483647;
			files = (
				E3485BB228389C8400DF7A2B /* LaunchScreen.storyboard in Resources */,
				E3485BAF28389C8400DF7A2B /* Assets.xcassets in Resources */,
				E3485BAD28389C8300DF7A2B /* Main.storyboard in Resources */,
			);
			runOnlyForDeploymentPostprocessing = 0;
		};
		E3485BB628389C8400DF7A2B /* Resources */ = {
			isa = PBXResourcesBuildPhase;
			buildActionMask = 2147483647;
			files = (
			);
			runOnlyForDeploymentPostprocessing = 0;
		};
		E3485BC028389C8400DF7A2B /* Resources */ = {
			isa = PBXResourcesBuildPhase;
			buildActionMask = 2147483647;
			files = (
			);
			runOnlyForDeploymentPostprocessing = 0;
		};
/* End PBXResourcesBuildPhase section */

/* Begin PBXSourcesBuildPhase section */
		E3485B9E28389C8300DF7A2B /* Sources */ = {
			isa = PBXSourcesBuildPhase;
			buildActionMask = 2147483647;
			files = (
				E3485BAA28389C8300DF7A2B /* ViewController.swift in Sources */,
				E3485BA628389C8300DF7A2B /* AppDelegate.swift in Sources */,
				E3485BA828389C8300DF7A2B /* SceneDelegate.swift in Sources */,
			);
			runOnlyForDeploymentPostprocessing = 0;
		};
		E3485BB428389C8400DF7A2B /* Sources */ = {
			isa = PBXSourcesBuildPhase;
			buildActionMask = 2147483647;
			files = (
				E3485BBD28389C8400DF7A2B /* tictacGameAppTests.swift in Sources */,
			);
			runOnlyForDeploymentPostprocessing = 0;
		};
		E3485BBE28389C8400DF7A2B /* Sources */ = {
			isa = PBXSourcesBuildPhase;
			buildActionMask = 2147483647;
			files = (
				E3485BC928389C8400DF7A2B /* tictacGameAppUITestsLaunchTests.swift in Sources */,
				E3485BC728389C8400DF7A2B /* tictacGameAppUITests.swift in Sources */,
			);
			runOnlyForDeploymentPostprocessing = 0;
		};
/* End PBXSourcesBuildPhase section */

/* Begin PBXTargetDependency section */
		E3485BBA28389C8400DF7A2B /* PBXTargetDependency */ = {
			isa = PBXTargetDependency;
			target = E3485BA128389C8300DF7A2B /* tictacGameApp */;
			targetProxy = E3485BB928389C8400DF7A2B /* PBXContainerItemProxy */;
		};
		E3485BC428389C8400DF7A2B /* PBXTargetDependency */ = {
			isa = PBXTargetDependency;
			target = E3485BA128389C8300DF7A2B /* tictacGameApp */;
			targetProxy = E3485BC328389C8400DF7A2B /* PBXContainerItemProxy */;
		};
/* End PBXTargetDependency section */

/* Begin PBXVariantGroup section */
		E3485BAB28389C8300DF7A2B /* Main.storyboard */ = {
			isa = PBXVariantGroup;
			children = (
				E3485BAC28389C8300DF7A2B /* Base */,
			);
			name = Main.storyboard;
			sourceTree = "<group>";
		};
		E3485BB028389C8400DF7A2B /* LaunchScreen.storyboard */ = {
			isa = PBXVariantGroup;
			children = (
				E3485BB128389C8400DF7A2B /* Base */,
			);
			name = LaunchScreen.storyboard;
			sourceTree = "<group>";
		};
/* End PBXVariantGroup section */

/* Begin XCBuildConfiguration section */
		E3485BCA28389C8400DF7A2B /* Debug */ = {
			isa = XCBuildConfiguration;
			buildSettings = {
				ALWAYS_SEARCH_USER_PATHS = NO;
				CLANG_ANALYZER_NONNULL = YES;
				CLANG_ANALYZER_NUMBER_OBJECT_CONVERSION = YES_AGGRESSIVE;
				CLANG_CXX_LANGUAGE_STANDARD = "gnu++17";
				CLANG_ENABLE_MODULES = YES;
				CLANG_ENABLE_OBJC_ARC = YES;
				CLANG_ENABLE_OBJC_WEAK = YES;
				CLANG_WARN_BLOCK_CAPTURE_AUTORELEASING = YES;
				CLANG_WARN_BOOL_CONVERSION = YES;
				CLANG_WARN_COMMA = YES;
				CLANG_WARN_CONSTANT_CONVERSION = YES;
				CLANG_WARN_DEPRECATED_OBJC_IMPLEMENTATIONS = YES;
				CLANG_WARN_DIRECT_OBJC_ISA_USAGE = YES_ERROR;
				CLANG_WARN_DOCUMENTATION_COMMENTS = YES;
				CLANG_WARN_EMPTY_BODY = YES;
				CLANG_WARN_ENUM_CONVERSION = YES;
				CLANG_WARN_INFINITE_RECURSION = YES;
				CLANG_WARN_INT_CONVERSION = YES;
				CLANG_WARN_NON_LITERAL_NULL_CONVERSION = YES;
				CLANG_WARN_OBJC_IMPLICIT_RETAIN_SELF = YES;
				CLANG_WARN_OBJC_LITERAL_CONVERSION = YES;
				CLANG_WARN_OBJC_ROOT_CLASS = YES_ERROR;
				CLANG_WARN_QUOTED_INCLUDE_IN_FRAMEWORK_HEADER = YES;
				CLANG_WARN_RANGE_LOOP_ANALYSIS = YES;
				CLANG_WARN_STRICT_PROTOTYPES = YES;
				CLANG_WARN_SUSPICIOUS_MOVE = YES;
				CLANG_WARN_UNGUARDED_AVAILABILITY = YES_AGGRESSIVE;
				CLANG_WARN_UNREACHABLE_CODE = YES;
				CLANG_WARN__DUPLICATE_METHOD_MATCH = YES;
				COPY_PHASE_STRIP = NO;
				DEBUG_INFORMATION_FORMAT = dwarf;
				ENABLE_STRICT_OBJC_MSGSEND = YES;
				ENABLE_TESTABILITY = YES;
				GCC_C_LANGUAGE_STANDARD = gnu11;
				GCC_DYNAMIC_NO_PIC = NO;
				GCC_NO_COMMON_BLOCKS = YES;
				GCC_OPTIMIZATION_LEVEL = 0;
				GCC_PREPROCESSOR_DEFINITIONS = (
					"DEBUG=1",
					"$(inherited)",
				);
				GCC_WARN_64_TO_32_BIT_CONVERSION = YES;
				GCC_WARN_ABOUT_RETURN_TYPE = YES_ERROR;
				GCC_WARN_UNDECLARED_SELECTOR = YES;
				GCC_WARN_UNINITIALIZED_AUTOS = YES_AGGRESSIVE;
				GCC_WARN_UNUSED_FUNCTION = YES;
				GCC_WARN_UNUSED_VARIABLE = YES;
				IPHONEOS_DEPLOYMENT_TARGET = 15.5;
				MTL_ENABLE_DEBUG_INFO = INCLUDE_SOURCE;
				MTL_FAST_MATH = YES;
				ONLY_ACTIVE_ARCH = YES;
				SDKROOT = iphoneos;
				SWIFT_ACTIVE_COMPILATION_CONDITIONS = DEBUG;
				SWIFT_OPTIMIZATION_LEVEL = "-Onone";
			};
			name = Debug;
		};
		E3485BCB28389C8400DF7A2B /* Release */ = {
			isa = XCBuildConfiguration;
			buildSettings = {
				ALWAYS_SEARCH_USER_PATHS = NO;
				CLANG_ANALYZER_NONNULL = YES;
				CLANG_ANALYZER_NUMBER_OBJECT_CONVERSION = YES_AGGRESSIVE;
				CLANG_CXX_LANGUAGE_STANDARD = "gnu++17";
				CLANG_ENABLE_MODULES = YES;
				CLANG_ENABLE_OBJC_ARC = YES;
				CLANG_ENABLE_OBJC_WEAK = YES;
				CLANG_WARN_BLOCK_CAPTURE_AUTORELEASING = YES;
				CLANG_WARN_BOOL_CONVERSION = YES;
				CLANG_WARN_COMMA = YES;
				CLANG_WARN_CONSTANT_CONVERSION = YES;
				CLANG_WARN_DEPRECATED_OBJC_IMPLEMENTATIONS = YES;
				CLANG_WARN_DIRECT_OBJC_ISA_USAGE = YES_ERROR;
				CLANG_WARN_DOCUMENTATION_COMMENTS = YES;
				CLANG_WARN_EMPTY_BODY = YES;
				CLANG_WARN_ENUM_CONVERSION = YES;
				CLANG_WARN_INFINITE_RECURSION = YES;
				CLANG_WARN_INT_CONVERSION = YES;
				CLANG_WARN_NON_LITERAL_NULL_CONVERSION = YES;
				CLANG_WARN_OBJC_IMPLICIT_RETAIN_SELF = YES;
				CLANG_WARN_OBJC_LITERAL_CONVERSION = YES;
				CLANG_WARN_OBJC_ROOT_CLASS = YES_ERROR;
				CLANG_WARN_QUOTED_INCLUDE_IN_FRAMEWORK_HEADER = YES;
				CLANG_WARN_RANGE_LOOP_ANALYSIS = YES;
				CLANG_WARN_STRICT_PROTOTYPES = YES;
				CLANG_WARN_SUSPICIOUS_MOVE = YES;
				CLANG_WARN_UNGUARDED_AVAILABILITY = YES_AGGRESSIVE;
				CLANG_WARN_UNREACHABLE_CODE = YES;
				CLANG_WARN__DUPLICATE_METHOD_MATCH = YES;
				COPY_PHASE_STRIP = NO;
				DEBUG_INFORMATION_FORMAT = "dwarf-with-dsym";
				ENABLE_NS_ASSERTIONS = NO;
				ENABLE_STRICT_OBJC_MSGSEND = YES;
				GCC_C_LANGUAGE_STANDARD = gnu11;
				GCC_NO_COMMON_BLOCKS = YES;
				GCC_WARN_64_TO_32_BIT_CONVERSION = YES;
				GCC_WARN_ABOUT_RETURN_TYPE = YES_ERROR;
				GCC_WARN_UNDECLARED_SELECTOR = YES;
				GCC_WARN_UNINITIALIZED_AUTOS = YES_AGGRESSIVE;
				GCC_WARN_UNUSED_FUNCTION = YES;
				GCC_WARN_UNUSED_VARIABLE = YES;
				IPHONEOS_DEPLOYMENT_TARGET = 15.5;
				MTL_ENABLE_DEBUG_INFO = NO;
				MTL_FAST_MATH = YES;
				SDKROOT = iphoneos;
				SWIFT_COMPILATION_MODE = wholemodule;
				SWIFT_OPTIMIZATION_LEVEL = "-O";
				VALIDATE_PRODUCT = YES;
			};
			name = Release;
		};
		E3485BCD28389C8400DF7A2B /* Debug */ = {
			isa = XCBuildConfiguration;
			buildSettings = {
				ASSETCATALOG_COMPILER_APPICON_NAME = AppIcon;
				ASSETCATALOG_COMPILER_GLOBAL_ACCENT_COLOR_NAME = AccentColor;
				CODE_SIGN_STYLE = Automatic;
				CURRENT_PROJECT_VERSION = 1;
				GENERATE_INFOPLIST_FILE = YES;
				INFOPLIST_FILE = tictacGameApp/Info.plist;
				INFOPLIST_KEY_UIApplicationSupportsIndirectInputEvents = YES;
				INFOPLIST_KEY_UILaunchStoryboardName = LaunchScreen;
				INFOPLIST_KEY_UIMainStoryboardFile = Main;
				INFOPLIST_KEY_UISupportedInterfaceOrientations_iPad = "UIInterfaceOrientationPortrait UIInterfaceOrientationPortraitUpsideDown UIInterfaceOrientationLandscapeLeft UIInterfaceOrientationLandscapeRight";
				INFOPLIST_KEY_UISupportedInterfaceOrientations_iPhone = "UIInterfaceOrientationPortrait UIInterfaceOrientationLandscapeLeft UIInterfaceOrientationLandscapeRight";
				LD_RUNPATH_SEARCH_PATHS = (
					"$(inherited)",
					"@executable_path/Frameworks",
				);
				MARKETING_VERSION = 1.0;
				PRODUCT_BUNDLE_IDENTIFIER = jenish.tictacGameApp;
				PRODUCT_NAME = "$(TARGET_NAME)";
				SWIFT_EMIT_LOC_STRINGS = YES;
				SWIFT_VERSION = 5.0;
				TARGETED_DEVICE_FAMILY = "1,2";
			};
			name = Debug;
		};
		E3485BCE28389C8400DF7A2B /* Release */ = {
			isa = XCBuildConfiguration;
			buildSettings = {
				ASSETCATALOG_COMPILER_APPICON_NAME = AppIcon;
				ASSETCATALOG_COMPILER_GLOBAL_ACCENT_COLOR_NAME = AccentColor;
				CODE_SIGN_STYLE = Automatic;
				CURRENT_PROJECT_VERSION = 1;
				GENERATE_INFOPLIST_FILE = YES;
				INFOPLIST_FILE = tictacGameApp/Info.plist;
				INFOPLIST_KEY_UIApplicationSupportsIndirectInputEvents = YES;
				INFOPLIST_KEY_UILaunchStoryboardName = LaunchScreen;
				INFOPLIST_KEY_UIMainStoryboardFile = Main;
				INFOPLIST_KEY_UISupportedInterfaceOrientations_iPad = "UIInterfaceOrientationPortrait UIInterfaceOrientationPortraitUpsideDown UIInterfaceOrientationLandscapeLeft UIInterfaceOrientationLandscapeRight";
				INFOPLIST_KEY_UISupportedInterfaceOrientations_iPhone = "UIInterfaceOrientationPortrait UIInterfaceOrientationLandscapeLeft UIInterfaceOrientationLandscapeRight";
				LD_RUNPATH_SEARCH_PATHS = (
					"$(inherited)",
					"@executable_path/Frameworks",
				);
				MARKETING_VERSION = 1.0;
				PRODUCT_BUNDLE_IDENTIFIER = jenish.tictacGameApp;
				PRODUCT_NAME = "$(TARGET_NAME)";
				SWIFT_EMIT_LOC_STRINGS = YES;
				SWIFT_VERSION = 5.0;
				TARGETED_DEVICE_FAMILY = "1,2";
			};
			name = Release;
		};
		E3485BD028389C8400DF7A2B /* Debug */ = {
			isa = XCBuildConfiguration;
			buildSettings = {
				ALWAYS_EMBED_SWIFT_STANDARD_LIBRARIES = YES;
				BUNDLE_LOADER = "$(TEST_HOST)";
				CODE_SIGN_STYLE = Automatic;
				CURRENT_PROJECT_VERSION = 1;
				GENERATE_INFOPLIST_FILE = YES;
				IPHONEOS_DEPLOYMENT_TARGET = 15.5;
				MARKETING_VERSION = 1.0;
				PRODUCT_BUNDLE_IDENTIFIER = jenish.tictacGameAppTests;
				PRODUCT_NAME = "$(TARGET_NAME)";
				SWIFT_EMIT_LOC_STRINGS = NO;
				SWIFT_VERSION = 5.0;
				TARGETED_DEVICE_FAMILY = "1,2";
				TEST_HOST = "$(BUILT_PRODUCTS_DIR)/tictacGameApp.app/tictacGameApp";
			};
			name = Debug;
		};
		E3485BD128389C8400DF7A2B /* Release */ = {
			isa = XCBuildConfiguration;
			buildSettings = {
				ALWAYS_EMBED_SWIFT_STANDARD_LIBRARIES = YES;
				BUNDLE_LOADER = "$(TEST_HOST)";
				CODE_SIGN_STYLE = Automatic;
				CURRENT_PROJECT_VERSION = 1;
				GENERATE_INFOPLIST_FILE = YES;
				IPHONEOS_DEPLOYMENT_TARGET = 15.5;
				MARKETING_VERSION = 1.0;
				PRODUCT_BUNDLE_IDENTIFIER = jenish.tictacGameAppTests;
				PRODUCT_NAME = "$(TARGET_NAME)";
				SWIFT_EMIT_LOC_STRINGS = NO;
				SWIFT_VERSION = 5.0;
				TARGETED_DEVICE_FAMILY = "1,2";
				TEST_HOST = "$(BUILT_PRODUCTS_DIR)/tictacGameApp.app/tictacGameApp";
			};
			name = Release;
		};
		E3485BD328389C8400DF7A2B /* Debug */ = {
			isa = XCBuildConfiguration;
			buildSettings = {
				ALWAYS_EMBED_SWIFT_STANDARD_LIBRARIES = YES;
				CODE_SIGN_STYLE = Automatic;
				CURRENT_PROJECT_VERSION = 1;
				GENERATE_INFOPLIST_FILE = YES;
				MARKETING_VERSION = 1.0;
				PRODUCT_BUNDLE_IDENTIFIER = jenish.tictacGameAppUITests;
				PRODUCT_NAME = "$(TARGET_NAME)";
				SWIFT_EMIT_LOC_STRINGS = NO;
				SWIFT_VERSION = 5.0;
				TARGETED_DEVICE_FAMILY = "1,2";
				TEST_TARGET_NAME = tictacGameApp;
			};
			name = Debug;
		};
		E3485BD428389C8400DF7A2B /* Release */ = {
			isa = XCBuildConfiguration;
			buildSettings = {
				ALWAYS_EMBED_SWIFT_STANDARD_LIBRARIES = YES;
				CODE_SIGN_STYLE = Automatic;
				CURRENT_PROJECT_VERSION = 1;
				GENERATE_INFOPLIST_FILE = YES;
				MARKETING_VERSION = 1.0;
				PRODUCT_BUNDLE_IDENTIFIER = jenish.tictacGameAppUITests;
				PRODUCT_NAME = "$(TARGET_NAME)";
				SWIFT_EMIT_LOC_STRINGS = NO;
				SWIFT_VERSION = 5.0;
				TARGETED_DEVICE_FAMILY = "1,2";
				TEST_TARGET_NAME = tictacGameApp;
			};
			name = Release;
		};
/* End XCBuildConfiguration section */

/* Begin XCConfigurationList section */
		E3485B9D28389C8300DF7A2B /* Build configuration list for PBXProject "tictacGameApp" */ = {
			isa = XCConfigurationList;
			buildConfigurations = (
				E3485BCA28389C8400DF7A2B /* Debug */,
				E3485BCB28389C8400DF7A2B /* Release */,
			);
			defaultConfigurationIsVisible = 0;
			defaultConfigurationName = Release;
		};
		E3485BCC28389C8400DF7A2B /* Build configuration list for PBXNativeTarget "tictacGameApp" */ = {
			isa = XCConfigurationList;
			buildConfigurations = (
				E3485BCD28389C8400DF7A2B /* Debug */,
				E3485BCE28389C8400DF7A2B /* Release */,
			);
			defaultConfigurationIsVisible = 0;
			defaultConfigurationName = Release;
		};
		E3485BCF28389C8400DF7A2B /* Build configuration list for PBXNativeTarget "tictacGameAppTests" */ = {
			isa = XCConfigurationList;
			buildConfigurations = (
				E3485BD028389C8400DF7A2B /* Debug */,
				E3485BD128389C8400DF7A2B /* Release */,
			);
			defaultConfigurationIsVisible = 0;
			defaultConfigurationName = Release;
		};
		E3485BD228389C8400DF7A2B /* Build configuration list for PBXNativeTarget "tictacGameAppUITests" */ = {
			isa = XCConfigurationList;
			buildConfigurations = (
				E3485BD328389C8400DF7A2B /* Debug */,
				E3485BD428389C8400DF7A2B /* Release */,
			);
			defaultConfigurationIsVisible = 0;
			defaultConfigurationName = Release;
		};
/* End XCConfigurationList section */
	};
	rootObject = E3485B9A28389C8300DF7A2B /* Project object */;
}
